
Microsoft Visual Studio Solution File, Format Version 12.00
# Visual Studio Version 17
VisualStudioVersion = 17.12.35209.166
MinimumVisualStudioVersion = 10.0.40219.1
Project("{FAE04EC0-301F-11D3-BF4B-00C04F79EFBC}") = "Martre", "Martre\Martre.csproj", "{98283355-5232-4ED5-A6EF-E80DD4481694}"
EndProject
Global
	GlobalSection(SolutionConfigurationPlatforms) = preSolution
		Debug|Any CPU = Debug|Any CPU
		Release|Any CPU = Release|Any CPU
	EndGlobalSection
	GlobalSection(ProjectConfigurationPlatforms) = postSolution
		{98283355-5232-4ED5-A6EF-E80DD4481694}.Debug|Any CPU.ActiveCfg = Debug|Any CPU
		{98283355-5232-4ED5-A6EF-E80DD4481694}.Debug|Any CPU.Build.0 = Debug|Any CPU
		{98283355-5232-4ED5-A6EF-E80DD4481694}.Release|Any CPU.ActiveCfg = Release|Any CPU
		{98283355-5232-4ED5-A6EF-E80DD4481694}.Release|Any CPU.Build.0 = Release|Any CPU
	EndGlobalSection
	GlobalSection(SolutionProperties) = preSolution
		HideSolutionNode = FALSE
	EndGlobalSection
	GlobalSection(ExtensibilityGlobals) = postSolution
		SolutionGuid = {5192A439-8C10-45F0-B3B7-9051D1F8FC94}
	EndGlobalSection
EndGlobal
